// !$*UTF8*$!
{
	archiveVersion = 1;
	classes = {
	};
	objectVersion = 52;
	objects = {

/* Begin PBXBuildFile section */
		311D903C21C4BD570049F4F9 /* AppDelegate.swift in Sources */ = {isa = PBXBuildFile; fileRef = 311D903B21C4BD570049F4F9 /* AppDelegate.swift */; };
		311D903E21C4BD570049F4F9 /* SubViewController.swift in Sources */ = {isa = PBXBuildFile; fileRef = 311D903D21C4BD570049F4F9 /* SubViewController.swift */; };
		311D904321C4BD590049F4F9 /* Assets.xcassets in Resources */ = {isa = PBXBuildFile; fileRef = 311D904221C4BD590049F4F9 /* Assets.xcassets */; };
		311D904621C4BD590049F4F9 /* LaunchScreen.storyboard in Resources */ = {isa = PBXBuildFile; fileRef = 311D904421C4BD590049F4F9 /* LaunchScreen.storyboard */; };
		311D905121C4BD590049F4F9 /* SampleUITests.swift in Sources */ = {isa = PBXBuildFile; fileRef = 311D905021C4BD590049F4F9 /* SampleUITests.swift */; };
		EC6D3E6A2990F9AC00A19AC0 /* iOSSnapshotTestCase in Frameworks */ = {isa = PBXBuildFile; productRef = EC6D3E692990F9AC00A19AC0 /* iOSSnapshotTestCase */; };
		EC8515D22970F4B800D0BF5C /* MainViewController.swift in Sources */ = {isa = PBXBuildFile; fileRef = EC8515D12970F4B800D0BF5C /* MainViewController.swift */; };
		EC8515D92970FD2B00D0BF5C /* SubPage.swift in Sources */ = {isa = PBXBuildFile; fileRef = EC8515D82970FD2B00D0BF5C /* SubPage.swift */; };
		EC8515DB2970FD9C00D0BF5C /* MainPage.swift in Sources */ = {isa = PBXBuildFile; fileRef = EC8515DA2970FD9C00D0BF5C /* MainPage.swift */; };
		EC8515DE2971125900D0BF5C /* PageObjectable.swift in Sources */ = {isa = PBXBuildFile; fileRef = EC8515DD2971125900D0BF5C /* PageObjectable.swift */; };
		EC8515E22979141100D0BF5C /* SampleUITestBase.swift in Sources */ = {isa = PBXBuildFile; fileRef = EC8515E12979141100D0BF5C /* SampleUITestBase.swift */; };
		EC8515E42982133F00D0BF5C /* SnapshotHelper.swift in Sources */ = {isa = PBXBuildFile; fileRef = EC8515E32982133F00D0BF5C /* SnapshotHelper.swift */; };
		ECB9A917298757AD00B2E4FE /* UITestSampleTests.swift in Sources */ = {isa = PBXBuildFile; fileRef = ECB9A916298757AD00B2E4FE /* UITestSampleTests.swift */; };
		ECC2C067298CAF4500C783D0 /* MainViewControllerTests.swift in Sources */ = {isa = PBXBuildFile; fileRef = ECC2C066298CAF4500C783D0 /* MainViewControllerTests.swift */; };
		ECC2C06A298CAFB100C783D0 /* SnapshotTesting in Frameworks */ = {isa = PBXBuildFile; productRef = ECC2C069298CAFB100C783D0 /* SnapshotTesting */; };
		ECF611562987598F0099249C /* MainViewControllerTests.swift in Sources */ = {isa = PBXBuildFile; fileRef = EC8515E52982373700D0BF5C /* MainViewControllerTests.swift */; };
		ECF611572987599D0099249C /* SnapshotTestCase.swift in Sources */ = {isa = PBXBuildFile; fileRef = EC8515E8298238BF00D0BF5C /* SnapshotTestCase.swift */; };
/* End PBXBuildFile section */

/* Begin PBXContainerItemProxy section */
		311D904D21C4BD590049F4F9 /* PBXContainerItemProxy */ = {
			isa = PBXContainerItemProxy;
			containerPortal = 311D903021C4BD570049F4F9 /* Project object */;
			proxyType = 1;
			remoteGlobalIDString = 311D903721C4BD570049F4F9;
			remoteInfo = UITestSample;
		};
		ECB9A918298757AD00B2E4FE /* PBXContainerItemProxy */ = {
			isa = PBXContainerItemProxy;
			containerPortal = 311D903021C4BD570049F4F9 /* Project object */;
			proxyType = 1;
			remoteGlobalIDString = 311D903721C4BD570049F4F9;
			remoteInfo = UITestSample;
		};
		ECC2C061298CAE5900C783D0 /* PBXContainerItemProxy */ = {
			isa = PBXContainerItemProxy;
			containerPortal = 311D903021C4BD570049F4F9 /* Project object */;
			proxyType = 1;
			remoteGlobalIDString = 311D903721C4BD570049F4F9;
			remoteInfo = UITestSample;
		};
/* End PBXContainerItemProxy section */

/* Begin PBXFileReference section */
		311D903821C4BD570049F4F9 /* UITestSample.app */ = {isa = PBXFileReference; explicitFileType = wrapper.application; includeInIndex = 0; path = UITestSample.app; sourceTree = BUILT_PRODUCTS_DIR; };
		311D903B21C4BD570049F4F9 /* AppDelegate.swift */ = {isa = PBXFileReference; lastKnownFileType = sourcecode.swift; path = AppDelegate.swift; sourceTree = "<group>"; };
		311D903D21C4BD570049F4F9 /* SubViewController.swift */ = {isa = PBXFileReference; lastKnownFileType = sourcecode.swift; path = SubViewController.swift; sourceTree = "<group>"; };
		311D904221C4BD590049F4F9 /* Assets.xcassets */ = {isa = PBXFileReference; lastKnownFileType = folder.assetcatalog; path = Assets.xcassets; sourceTree = "<group>"; };
		311D904521C4BD590049F4F9 /* Base */ = {isa = PBXFileReference; lastKnownFileType = file.storyboard; name = Base; path = Base.lproj/LaunchScreen.storyboard; sourceTree = "<group>"; };
		311D904721C4BD590049F4F9 /* Info.plist */ = {isa = PBXFileReference; lastKnownFileType = text.plist.xml; path = Info.plist; sourceTree = "<group>"; };
		311D904C21C4BD590049F4F9 /* UITestSampleUITests.xctest */ = {isa = PBXFileReference; explicitFileType = wrapper.cfbundle; includeInIndex = 0; path = UITestSampleUITests.xctest; sourceTree = BUILT_PRODUCTS_DIR; };
		311D905021C4BD590049F4F9 /* SampleUITests.swift */ = {isa = PBXFileReference; lastKnownFileType = sourcecode.swift; path = SampleUITests.swift; sourceTree = "<group>"; };
		311D905221C4BD590049F4F9 /* Info.plist */ = {isa = PBXFileReference; lastKnownFileType = text.plist.xml; path = Info.plist; sourceTree = "<group>"; };
		EC8515D12970F4B800D0BF5C /* MainViewController.swift */ = {isa = PBXFileReference; lastKnownFileType = sourcecode.swift; path = MainViewController.swift; sourceTree = "<group>"; };
		EC8515D82970FD2B00D0BF5C /* SubPage.swift */ = {isa = PBXFileReference; lastKnownFileType = sourcecode.swift; path = SubPage.swift; sourceTree = "<group>"; };
		EC8515DA2970FD9C00D0BF5C /* MainPage.swift */ = {isa = PBXFileReference; lastKnownFileType = sourcecode.swift; path = MainPage.swift; sourceTree = "<group>"; };
		EC8515DD2971125900D0BF5C /* PageObjectable.swift */ = {isa = PBXFileReference; lastKnownFileType = sourcecode.swift; path = PageObjectable.swift; sourceTree = "<group>"; };
		EC8515E12979141100D0BF5C /* SampleUITestBase.swift */ = {isa = PBXFileReference; lastKnownFileType = sourcecode.swift; path = SampleUITestBase.swift; sourceTree = "<group>"; };
		EC8515E32982133F00D0BF5C /* SnapshotHelper.swift */ = {isa = PBXFileReference; lastKnownFileType = sourcecode.swift; name = SnapshotHelper.swift; path = fastlane/SnapshotHelper.swift; sourceTree = "<group>"; };
		EC8515E52982373700D0BF5C /* MainViewControllerTests.swift */ = {isa = PBXFileReference; lastKnownFileType = sourcecode.swift; path = MainViewControllerTests.swift; sourceTree = "<group>"; };
		EC8515E8298238BF00D0BF5C /* SnapshotTestCase.swift */ = {isa = PBXFileReference; lastKnownFileType = sourcecode.swift; path = SnapshotTestCase.swift; sourceTree = "<group>"; };
		ECB9A914298757AD00B2E4FE /* UITestSampleTests.xctest */ = {isa = PBXFileReference; explicitFileType = wrapper.cfbundle; includeInIndex = 0; path = UITestSampleTests.xctest; sourceTree = BUILT_PRODUCTS_DIR; };
		ECB9A916298757AD00B2E4FE /* UITestSampleTests.swift */ = {isa = PBXFileReference; lastKnownFileType = sourcecode.swift; path = UITestSampleTests.swift; sourceTree = "<group>"; };
		ECC2C05D298CAE5900C783D0 /* UITestSampleTests2.xctest */ = {isa = PBXFileReference; explicitFileType = wrapper.cfbundle; includeInIndex = 0; path = UITestSampleTests2.xctest; sourceTree = BUILT_PRODUCTS_DIR; };
		ECC2C066298CAF4500C783D0 /* MainViewControllerTests.swift */ = {isa = PBXFileReference; lastKnownFileType = sourcecode.swift; path = MainViewControllerTests.swift; sourceTree = "<group>"; };
/* End PBXFileReference section */

/* Begin PBXFrameworksBuildPhase section */
		311D903521C4BD570049F4F9 /* Frameworks */ = {
			isa = PBXFrameworksBuildPhase;
			buildActionMask = 2147483647;
			files = (
			);
			runOnlyForDeploymentPostprocessing = 0;
		};
		311D904921C4BD590049F4F9 /* Frameworks */ = {
			isa = PBXFrameworksBuildPhase;
			buildActionMask = 2147483647;
			files = (
			);
			runOnlyForDeploymentPostprocessing = 0;
		};
		ECB9A911298757AD00B2E4FE /* Frameworks */ = {
			isa = PBXFrameworksBuildPhase;
			buildActionMask = 2147483647;
			files = (
				EC6D3E6A2990F9AC00A19AC0 /* iOSSnapshotTestCase in Frameworks */,
			);
			runOnlyForDeploymentPostprocessing = 0;
		};
		ECC2C05A298CAE5900C783D0 /* Frameworks */ = {
			isa = PBXFrameworksBuildPhase;
			buildActionMask = 2147483647;
			files = (
				ECC2C06A298CAFB100C783D0 /* SnapshotTesting in Frameworks */,
			);
			runOnlyForDeploymentPostprocessing = 0;
		};
/* End PBXFrameworksBuildPhase section */

/* Begin PBXGroup section */
		311D902F21C4BD570049F4F9 = {
			isa = PBXGroup;
			children = (
				EC8515E32982133F00D0BF5C /* SnapshotHelper.swift */,
				311D903A21C4BD570049F4F9 /* UITestSample */,
				ECB9A915298757AD00B2E4FE /* UITestSampleTests */,
				ECC2C05E298CAE5900C783D0 /* UITestSampleTests2 */,
				311D904F21C4BD590049F4F9 /* UITestSampleUITests */,
				311D903921C4BD570049F4F9 /* Products */,
			);
			sourceTree = "<group>";
		};
		311D903921C4BD570049F4F9 /* Products */ = {
			isa = PBXGroup;
			children = (
				311D903821C4BD570049F4F9 /* UITestSample.app */,
				311D904C21C4BD590049F4F9 /* UITestSampleUITests.xctest */,
				ECB9A914298757AD00B2E4FE /* UITestSampleTests.xctest */,
				ECC2C05D298CAE5900C783D0 /* UITestSampleTests2.xctest */,
			);
			name = Products;
			sourceTree = "<group>";
		};
		311D903A21C4BD570049F4F9 /* UITestSample */ = {
			isa = PBXGroup;
			children = (
				311D903B21C4BD570049F4F9 /* AppDelegate.swift */,
				311D903D21C4BD570049F4F9 /* SubViewController.swift */,
				EC8515D12970F4B800D0BF5C /* MainViewController.swift */,
				311D904221C4BD590049F4F9 /* Assets.xcassets */,
				311D904421C4BD590049F4F9 /* LaunchScreen.storyboard */,
				311D904721C4BD590049F4F9 /* Info.plist */,
			);
			path = UITestSample;
			sourceTree = "<group>";
		};
		311D904F21C4BD590049F4F9 /* UITestSampleUITests */ = {
			isa = PBXGroup;
			children = (
				EC8515D72970FD0F00D0BF5C /* PageObject */,
				311D905021C4BD590049F4F9 /* SampleUITests.swift */,
				EC8515E12979141100D0BF5C /* SampleUITestBase.swift */,
				311D905221C4BD590049F4F9 /* Info.plist */,
			);
			path = UITestSampleUITests;
			sourceTree = "<group>";
		};
		EC8515D72970FD0F00D0BF5C /* PageObject */ = {
			isa = PBXGroup;
			children = (
				EC8515DC2970FDAA00D0BF5C /* Protocol */,
				EC8515D82970FD2B00D0BF5C /* SubPage.swift */,
				EC8515DA2970FD9C00D0BF5C /* MainPage.swift */,
			);
			path = PageObject;
			sourceTree = "<group>";
		};
		EC8515DC2970FDAA00D0BF5C /* Protocol */ = {
			isa = PBXGroup;
			children = (
				EC8515DD2971125900D0BF5C /* PageObjectable.swift */,
			);
			path = Protocol;
			sourceTree = "<group>";
		};
		ECB9A915298757AD00B2E4FE /* UITestSampleTests */ = {
			isa = PBXGroup;
			children = (
				ECB9A916298757AD00B2E4FE /* UITestSampleTests.swift */,
				EC8515E52982373700D0BF5C /* MainViewControllerTests.swift */,
				EC8515E8298238BF00D0BF5C /* SnapshotTestCase.swift */,
			);
			path = UITestSampleTests;
			sourceTree = "<group>";
		};
		ECC2C05E298CAE5900C783D0 /* UITestSampleTests2 */ = {
			isa = PBXGroup;
			children = (
				ECC2C066298CAF4500C783D0 /* MainViewControllerTests.swift */,
			);
			path = UITestSampleTests2;
			sourceTree = "<group>";
		};
/* End PBXGroup section */

/* Begin PBXNativeTarget section */
		311D903721C4BD570049F4F9 /* UITestSample */ = {
			isa = PBXNativeTarget;
			buildConfigurationList = 311D905521C4BD590049F4F9 /* Build configuration list for PBXNativeTarget "UITestSample" */;
			buildPhases = (
				311D903421C4BD570049F4F9 /* Sources */,
				311D903521C4BD570049F4F9 /* Frameworks */,
				311D903621C4BD570049F4F9 /* Resources */,
			);
			buildRules = (
			);
			dependencies = (
			);
			name = UITestSample;
			productName = UITestSample;
			productReference = 311D903821C4BD570049F4F9 /* UITestSample.app */;
			productType = "com.apple.product-type.application";
		};
		311D904B21C4BD590049F4F9 /* UITestSampleUITests */ = {
			isa = PBXNativeTarget;
			buildConfigurationList = 311D905821C4BD590049F4F9 /* Build configuration list for PBXNativeTarget "UITestSampleUITests" */;
			buildPhases = (
				311D904821C4BD590049F4F9 /* Sources */,
				311D904921C4BD590049F4F9 /* Frameworks */,
				311D904A21C4BD590049F4F9 /* Resources */,
			);
			buildRules = (
			);
			dependencies = (
				311D904E21C4BD590049F4F9 /* PBXTargetDependency */,
			);
			name = UITestSampleUITests;
			productName = UITestSampleUITests;
			productReference = 311D904C21C4BD590049F4F9 /* UITestSampleUITests.xctest */;
			productType = "com.apple.product-type.bundle.ui-testing";
		};
		ECB9A913298757AD00B2E4FE /* UITestSampleTests */ = {
			isa = PBXNativeTarget;
			buildConfigurationList = ECB9A91A298757AD00B2E4FE /* Build configuration list for PBXNativeTarget "UITestSampleTests" */;
			buildPhases = (
				ECB9A910298757AD00B2E4FE /* Sources */,
				ECB9A911298757AD00B2E4FE /* Frameworks */,
				ECB9A912298757AD00B2E4FE /* Resources */,
			);
			buildRules = (
			);
			dependencies = (
				ECB9A919298757AD00B2E4FE /* PBXTargetDependency */,
			);
			name = UITestSampleTests;
			packageProductDependencies = (
				EC6D3E692990F9AC00A19AC0 /* iOSSnapshotTestCase */,
			);
			productName = UITestSampleTests;
			productReference = ECB9A914298757AD00B2E4FE /* UITestSampleTests.xctest */;
			productType = "com.apple.product-type.bundle.unit-test";
		};
		ECC2C05C298CAE5900C783D0 /* UITestSampleTests2 */ = {
			isa = PBXNativeTarget;
			buildConfigurationList = ECC2C063298CAE5900C783D0 /* Build configuration list for PBXNativeTarget "UITestSampleTests2" */;
			buildPhases = (
				ECC2C059298CAE5900C783D0 /* Sources */,
				ECC2C05A298CAE5900C783D0 /* Frameworks */,
				ECC2C05B298CAE5900C783D0 /* Resources */,
			);
			buildRules = (
			);
			dependencies = (
				ECC2C062298CAE5900C783D0 /* PBXTargetDependency */,
			);
			name = UITestSampleTests2;
			packageProductDependencies = (
				ECC2C069298CAFB100C783D0 /* SnapshotTesting */,
			);
			productName = UITestSampleTests2;
			productReference = ECC2C05D298CAE5900C783D0 /* UITestSampleTests2.xctest */;
			productType = "com.apple.product-type.bundle.unit-test";
		};
/* End PBXNativeTarget section */

/* Begin PBXProject section */
		311D903021C4BD570049F4F9 /* Project object */ = {
			isa = PBXProject;
			attributes = {
				LastSwiftUpdateCheck = 1420;
				LastUpgradeCheck = 1420;
				ORGANIZATIONNAME = mozksoft;
				TargetAttributes = {
					311D903721C4BD570049F4F9 = {
						CreatedOnToolsVersion = 10.1;
						LastSwiftMigration = "";
					};
					311D904B21C4BD590049F4F9 = {
						CreatedOnToolsVersion = 10.1;
						LastSwiftMigration = "";
						TestTargetID = 311D903721C4BD570049F4F9;
					};
					ECB9A913298757AD00B2E4FE = {
						CreatedOnToolsVersion = 14.2;
						TestTargetID = 311D903721C4BD570049F4F9;
					};
					ECC2C05C298CAE5900C783D0 = {
						CreatedOnToolsVersion = 14.2;
						TestTargetID = 311D903721C4BD570049F4F9;
					};
				};
			};
			buildConfigurationList = 311D903321C4BD570049F4F9 /* Build configuration list for PBXProject "UITestSample" */;
			compatibilityVersion = "Xcode 9.3";
			developmentRegion = en;
			hasScannedForEncodings = 0;
			knownRegions = (
				en,
				Base,
			);
			mainGroup = 311D902F21C4BD570049F4F9;
			packageReferences = (
				ECC2C068298CAFB100C783D0 /* XCRemoteSwiftPackageReference "swift-snapshot-testing" */,
				EC6D3E682990F9AC00A19AC0 /* XCRemoteSwiftPackageReference "ios-snapshot-test-case" */,
			);
			productRefGroup = 311D903921C4BD570049F4F9 /* Products */;
			projectDirPath = "";
			projectRoot = "";
			targets = (
				311D903721C4BD570049F4F9 /* UITestSample */,
				ECB9A913298757AD00B2E4FE /* UITestSampleTests */,
				ECC2C05C298CAE5900C783D0 /* UITestSampleTests2 */,
				311D904B21C4BD590049F4F9 /* UITestSampleUITests */,
			);
		};
/* End PBXProject section */

/* Begin PBXResourcesBuildPhase section */
		311D903621C4BD570049F4F9 /* Resources */ = {
			isa = PBXResourcesBuildPhase;
			buildActionMask = 2147483647;
			files = (
				311D904621C4BD590049F4F9 /* LaunchScreen.storyboard in Resources */,
				311D904321C4BD590049F4F9 /* Assets.xcassets in Resources */,
			);
			runOnlyForDeploymentPostprocessing = 0;
		};
		311D904A21C4BD590049F4F9 /* Resources */ = {
			isa = PBXResourcesBuildPhase;
			buildActionMask = 2147483647;
			files = (
			);
			runOnlyForDeploymentPostprocessing = 0;
		};
		ECB9A912298757AD00B2E4FE /* Resources */ = {
			isa = PBXResourcesBuildPhase;
			buildActionMask = 2147483647;
			files = (
			);
			runOnlyForDeploymentPostprocessing = 0;
		};
		ECC2C05B298CAE5900C783D0 /* Resources */ = {
			isa = PBXResourcesBuildPhase;
			buildActionMask = 2147483647;
			files = (
			);
			runOnlyForDeploymentPostprocessing = 0;
		};
/* End PBXResourcesBuildPhase section */

/* Begin PBXSourcesBuildPhase section */
		311D903421C4BD570049F4F9 /* Sources */ = {
			isa = PBXSourcesBuildPhase;
			buildActionMask = 2147483647;
			files = (
				EC8515D22970F4B800D0BF5C /* MainViewController.swift in Sources */,
				311D903E21C4BD570049F4F9 /* SubViewController.swift in Sources */,
				311D903C21C4BD570049F4F9 /* AppDelegate.swift in Sources */,
			);
			runOnlyForDeploymentPostprocessing = 0;
		};
		311D904821C4BD590049F4F9 /* Sources */ = {
			isa = PBXSourcesBuildPhase;
			buildActionMask = 2147483647;
			files = (
				EC8515E42982133F00D0BF5C /* SnapshotHelper.swift in Sources */,
				EC8515E22979141100D0BF5C /* SampleUITestBase.swift in Sources */,
				311D905121C4BD590049F4F9 /* SampleUITests.swift in Sources */,
				EC8515D92970FD2B00D0BF5C /* SubPage.swift in Sources */,
				EC8515DB2970FD9C00D0BF5C /* MainPage.swift in Sources */,
				EC8515DE2971125900D0BF5C /* PageObjectable.swift in Sources */,
			);
			runOnlyForDeploymentPostprocessing = 0;
		};
		ECB9A910298757AD00B2E4FE /* Sources */ = {
			isa = PBXSourcesBuildPhase;
			buildActionMask = 2147483647;
			files = (
				ECB9A917298757AD00B2E4FE /* UITestSampleTests.swift in Sources */,
				ECF611562987598F0099249C /* MainViewControllerTests.swift in Sources */,
				ECF611572987599D0099249C /* SnapshotTestCase.swift in Sources */,
			);
			runOnlyForDeploymentPostprocessing = 0;
		};
		ECC2C059298CAE5900C783D0 /* Sources */ = {
			isa = PBXSourcesBuildPhase;
			buildActionMask = 2147483647;
			files = (
				ECC2C067298CAF4500C783D0 /* MainViewControllerTests.swift in Sources */,
			);
			runOnlyForDeploymentPostprocessing = 0;
		};
/* End PBXSourcesBuildPhase section */

/* Begin PBXTargetDependency section */
		311D904E21C4BD590049F4F9 /* PBXTargetDependency */ = {
			isa = PBXTargetDependency;
			target = 311D903721C4BD570049F4F9 /* UITestSample */;
			targetProxy = 311D904D21C4BD590049F4F9 /* PBXContainerItemProxy */;
		};
		ECB9A919298757AD00B2E4FE /* PBXTargetDependency */ = {
			isa = PBXTargetDependency;
			target = 311D903721C4BD570049F4F9 /* UITestSample */;
			targetProxy = ECB9A918298757AD00B2E4FE /* PBXContainerItemProxy */;
		};
		ECC2C062298CAE5900C783D0 /* PBXTargetDependency */ = {
			isa = PBXTargetDependency;
			target = 311D903721C4BD570049F4F9 /* UITestSample */;
			targetProxy = ECC2C061298CAE5900C783D0 /* PBXContainerItemProxy */;
		};
/* End PBXTargetDependency section */

/* Begin PBXVariantGroup section */
		311D904421C4BD590049F4F9 /* LaunchScreen.storyboard */ = {
			isa = PBXVariantGroup;
			children = (
				311D904521C4BD590049F4F9 /* Base */,
			);
			name = LaunchScreen.storyboard;
			sourceTree = "<group>";
		};
/* End PBXVariantGroup section */

/* Begin XCBuildConfiguration section */
		311D905321C4BD590049F4F9 /* Debug */ = {
			isa = XCBuildConfiguration;
			buildSettings = {
				ALWAYS_EMBED_SWIFT_STANDARD_LIBRARIES = YES;
				ALWAYS_SEARCH_USER_PATHS = NO;
				CLANG_ANALYZER_NONNULL = YES;
				CLANG_ANALYZER_NUMBER_OBJECT_CONVERSION = YES_AGGRESSIVE;
				CLANG_CXX_LANGUAGE_STANDARD = "gnu++14";
				CLANG_CXX_LIBRARY = "libc++";
				CLANG_ENABLE_MODULES = YES;
				CLANG_ENABLE_OBJC_ARC = YES;
				CLANG_ENABLE_OBJC_WEAK = YES;
				CLANG_WARN_BLOCK_CAPTURE_AUTORELEASING = YES;
				CLANG_WARN_BOOL_CONVERSION = YES;
				CLANG_WARN_COMMA = YES;
				CLANG_WARN_CONSTANT_CONVERSION = YES;
				CLANG_WARN_DEPRECATED_OBJC_IMPLEMENTATIONS = YES;
				CLANG_WARN_DIRECT_OBJC_ISA_USAGE = YES_ERROR;
				CLANG_WARN_DOCUMENTATION_COMMENTS = YES;
				CLANG_WARN_EMPTY_BODY = YES;
				CLANG_WARN_ENUM_CONVERSION = YES;
				CLANG_WARN_INFINITE_RECURSION = YES;
				CLANG_WARN_INT_CONVERSION = YES;
				CLANG_WARN_NON_LITERAL_NULL_CONVERSION = YES;
				CLANG_WARN_OBJC_IMPLICIT_RETAIN_SELF = YES;
				CLANG_WARN_OBJC_LITERAL_CONVERSION = YES;
				CLANG_WARN_OBJC_ROOT_CLASS = YES_ERROR;
				CLANG_WARN_QUOTED_INCLUDE_IN_FRAMEWORK_HEADER = YES;
				CLANG_WARN_RANGE_LOOP_ANALYSIS = YES;
				CLANG_WARN_STRICT_PROTOTYPES = YES;
				CLANG_WARN_SUSPICIOUS_MOVE = YES;
				CLANG_WARN_UNGUARDED_AVAILABILITY = YES_AGGRESSIVE;
				CLANG_WARN_UNREACHABLE_CODE = YES;
				CLANG_WARN__DUPLICATE_METHOD_MATCH = YES;
				CODE_SIGN_IDENTITY = "iPhone Developer";
				COPY_PHASE_STRIP = NO;
				DEBUG_INFORMATION_FORMAT = dwarf;
				ENABLE_STRICT_OBJC_MSGSEND = YES;
				ENABLE_TESTABILITY = YES;
				GCC_C_LANGUAGE_STANDARD = gnu11;
				GCC_DYNAMIC_NO_PIC = NO;
				GCC_NO_COMMON_BLOCKS = YES;
				GCC_OPTIMIZATION_LEVEL = 0;
				GCC_PREPROCESSOR_DEFINITIONS = (
					"DEBUG=1",
					"$(inherited)",
				);
				GCC_WARN_64_TO_32_BIT_CONVERSION = YES;
				GCC_WARN_ABOUT_RETURN_TYPE = YES_ERROR;
				GCC_WARN_UNDECLARED_SELECTOR = YES;
				GCC_WARN_UNINITIALIZED_AUTOS = YES_AGGRESSIVE;
				GCC_WARN_UNUSED_FUNCTION = YES;
				GCC_WARN_UNUSED_VARIABLE = YES;
				IPHONEOS_DEPLOYMENT_TARGET = 15.0;
				MTL_ENABLE_DEBUG_INFO = INCLUDE_SOURCE;
				MTL_FAST_MATH = YES;
				ONLY_ACTIVE_ARCH = YES;
				SDKROOT = iphoneos;
				SWIFT_ACTIVE_COMPILATION_CONDITIONS = DEBUG;
				SWIFT_OPTIMIZATION_LEVEL = "-Onone";
			};
			name = Debug;
		};
		311D905421C4BD590049F4F9 /* Release */ = {
			isa = XCBuildConfiguration;
			buildSettings = {
				ALWAYS_EMBED_SWIFT_STANDARD_LIBRARIES = YES;
				ALWAYS_SEARCH_USER_PATHS = NO;
				CLANG_ANALYZER_NONNULL = YES;
				CLANG_ANALYZER_NUMBER_OBJECT_CONVERSION = YES_AGGRESSIVE;
				CLANG_CXX_LANGUAGE_STANDARD = "gnu++14";
				CLANG_CXX_LIBRARY = "libc++";
				CLANG_ENABLE_MODULES = YES;
				CLANG_ENABLE_OBJC_ARC = YES;
				CLANG_ENABLE_OBJC_WEAK = YES;
				CLANG_WARN_BLOCK_CAPTURE_AUTORELEASING = YES;
				CLANG_WARN_BOOL_CONVERSION = YES;
				CLANG_WARN_COMMA = YES;
				CLANG_WARN_CONSTANT_CONVERSION = YES;
				CLANG_WARN_DEPRECATED_OBJC_IMPLEMENTATIONS = YES;
				CLANG_WARN_DIRECT_OBJC_ISA_USAGE = YES_ERROR;
				CLANG_WARN_DOCUMENTATION_COMMENTS = YES;
				CLANG_WARN_EMPTY_BODY = YES;
				CLANG_WARN_ENUM_CONVERSION = YES;
				CLANG_WARN_INFINITE_RECURSION = YES;
				CLANG_WARN_INT_CONVERSION = YES;
				CLANG_WARN_NON_LITERAL_NULL_CONVERSION = YES;
				CLANG_WARN_OBJC_IMPLICIT_RETAIN_SELF = YES;
				CLANG_WARN_OBJC_LITERAL_CONVERSION = YES;
				CLANG_WARN_OBJC_ROOT_CLASS = YES_ERROR;
				CLANG_WARN_QUOTED_INCLUDE_IN_FRAMEWORK_HEADER = YES;
				CLANG_WARN_RANGE_LOOP_ANALYSIS = YES;
				CLANG_WARN_STRICT_PROTOTYPES = YES;
				CLANG_WARN_SUSPICIOUS_MOVE = YES;
				CLANG_WARN_UNGUARDED_AVAILABILITY = YES_AGGRESSIVE;
				CLANG_WARN_UNREACHABLE_CODE = YES;
				CLANG_WARN__DUPLICATE_METHOD_MATCH = YES;
				CODE_SIGN_IDENTITY = "iPhone Developer";
				COPY_PHASE_STRIP = NO;
				DEBUG_INFORMATION_FORMAT = "dwarf-with-dsym";
				ENABLE_NS_ASSERTIONS = NO;
				ENABLE_STRICT_OBJC_MSGSEND = YES;
				GCC_C_LANGUAGE_STANDARD = gnu11;
				GCC_NO_COMMON_BLOCKS = YES;
				GCC_WARN_64_TO_32_BIT_CONVERSION = YES;
				GCC_WARN_ABOUT_RETURN_TYPE = YES_ERROR;
				GCC_WARN_UNDECLARED_SELECTOR = YES;
				GCC_WARN_UNINITIALIZED_AUTOS = YES_AGGRESSIVE;
				GCC_WARN_UNUSED_FUNCTION = YES;
				GCC_WARN_UNUSED_VARIABLE = YES;
				IPHONEOS_DEPLOYMENT_TARGET = 15.0;
				MTL_ENABLE_DEBUG_INFO = NO;
				MTL_FAST_MATH = YES;
				SDKROOT = iphoneos;
				SWIFT_COMPILATION_MODE = wholemodule;
				SWIFT_OPTIMIZATION_LEVEL = "-O";
				VALIDATE_PRODUCT = YES;
			};
			name = Release;
		};
		311D905621C4BD590049F4F9 /* Debug */ = {
			isa = XCBuildConfiguration;
			buildSettings = {
				ASSETCATALOG_COMPILER_APPICON_NAME = AppIcon;
				CODE_SIGN_IDENTITY = "Apple Development";
				CODE_SIGN_STYLE = Automatic;
				DEVELOPMENT_TEAM = 39RG5D7TZ3;
				INFOPLIST_FILE = UITestSample/Info.plist;
				LD_RUNPATH_SEARCH_PATHS = (
					/usr/lib/swift,
					"$(inherited)",
					"@executable_path/Frameworks",
					"@loader_path/../Frameworks/",
				);
				ONLY_ACTIVE_ARCH = NO;
				PRODUCT_BUNDLE_IDENTIFIER = com.gmail.mozkzki.UITestSample;
				PRODUCT_NAME = "$(TARGET_NAME)";
				PROVISIONING_PROFILE_SPECIFIER = "";
				SWIFT_VERSION = 5.0;
				TARGETED_DEVICE_FAMILY = "1,2";
			};
			name = Debug;
		};
		311D905721C4BD590049F4F9 /* Release */ = {
			isa = XCBuildConfiguration;
			buildSettings = {
				ASSETCATALOG_COMPILER_APPICON_NAME = AppIcon;
				CODE_SIGN_IDENTITY = "Apple Development";
				CODE_SIGN_STYLE = Automatic;
				DEVELOPMENT_TEAM = 39RG5D7TZ3;
				INFOPLIST_FILE = UITestSample/Info.plist;
				LD_RUNPATH_SEARCH_PATHS = (
					"$(inherited)",
					"@executable_path/Frameworks",
				);
				PRODUCT_BUNDLE_IDENTIFIER = com.gmail.mozkzki.UITestSample;
				PRODUCT_NAME = "$(TARGET_NAME)";
				PROVISIONING_PROFILE_SPECIFIER = "";
				SWIFT_VERSION = 5.0;
				TARGETED_DEVICE_FAMILY = "1,2";
			};
			name = Release;
		};
		311D905921C4BD590049F4F9 /* Debug */ = {
			isa = XCBuildConfiguration;
			buildSettings = {
				CODE_SIGN_IDENTITY = "Apple Development";
				CODE_SIGN_STYLE = Automatic;
				DEVELOPMENT_TEAM = 39RG5D7TZ3;
				INFOPLIST_FILE = UITestSampleUITests/Info.plist;
				LD_RUNPATH_SEARCH_PATHS = (
					"$(inherited)",
					"@executable_path/Frameworks",
					"@loader_path/Frameworks",
				);
				PRODUCT_BUNDLE_IDENTIFIER = com.gmail.mozkzki.UITestSampleUITests;
				PRODUCT_NAME = "$(TARGET_NAME)";
				PROVISIONING_PROFILE = "";
				PROVISIONING_PROFILE_SPECIFIER = "";
				SWIFT_VERSION = 5.0;
				TARGETED_DEVICE_FAMILY = "1,2";
				TEST_TARGET_NAME = UITestSample;
			};
			name = Debug;
		};
		311D905A21C4BD590049F4F9 /* Release */ = {
			isa = XCBuildConfiguration;
			buildSettings = {
				CODE_SIGN_IDENTITY = "Apple Development";
				CODE_SIGN_STYLE = Automatic;
				DEVELOPMENT_TEAM = 39RG5D7TZ3;
				INFOPLIST_FILE = UITestSampleUITests/Info.plist;
				LD_RUNPATH_SEARCH_PATHS = (
					"$(inherited)",
					"@executable_path/Frameworks",
					"@loader_path/Frameworks",
				);
				PRODUCT_BUNDLE_IDENTIFIER = com.gmail.mozkzki.UITestSampleUITests;
				PRODUCT_NAME = "$(TARGET_NAME)";
				PROVISIONING_PROFILE = "";
				PROVISIONING_PROFILE_SPECIFIER = "";
				SWIFT_VERSION = 5.0;
				TARGETED_DEVICE_FAMILY = "1,2";
				TEST_TARGET_NAME = UITestSample;
			};
			name = Release;
		};
		ECB9A91B298757AD00B2E4FE /* Debug */ = {
			isa = XCBuildConfiguration;
			buildSettings = {
				BUNDLE_LOADER = "$(TEST_HOST)";
				CLANG_CXX_LANGUAGE_STANDARD = "gnu++20";
				CODE_SIGN_STYLE = Automatic;
				CURRENT_PROJECT_VERSION = 1;
				DEVELOPMENT_TEAM = 39RG5D7TZ3;
				GENERATE_INFOPLIST_FILE = YES;
				"INSTALL_PATH[sdk=*]" = "@rpath";
				IPHONEOS_DEPLOYMENT_TARGET = 15.0;
				MARKETING_VERSION = 1.0;
				PRODUCT_BUNDLE_IDENTIFIER = com.gmail.mozkzki.UITestSampleTests;
				PRODUCT_NAME = "$(TARGET_NAME)";
				SWIFT_EMIT_LOC_STRINGS = NO;
				SWIFT_VERSION = 5.0;
				TARGETED_DEVICE_FAMILY = "1,2";
				TEST_HOST = "$(BUILT_PRODUCTS_DIR)/UITestSample.app/$(BUNDLE_EXECUTABLE_FOLDER_PATH)/UITestSample";
			};
			name = Debug;
		};
		ECB9A91C298757AD00B2E4FE /* Release */ = {
			isa = XCBuildConfiguration;
			buildSettings = {
				BUNDLE_LOADER = "$(TEST_HOST)";
				CLANG_CXX_LANGUAGE_STANDARD = "gnu++20";
				CODE_SIGN_STYLE = Automatic;
				CURRENT_PROJECT_VERSION = 1;
				DEVELOPMENT_TEAM = 39RG5D7TZ3;
				GENERATE_INFOPLIST_FILE = YES;
				IPHONEOS_DEPLOYMENT_TARGET = 15.0;
				MARKETING_VERSION = 1.0;
				PRODUCT_BUNDLE_IDENTIFIER = com.gmail.mozkzki.UITestSampleTests;
				PRODUCT_NAME = "$(TARGET_NAME)";
				SWIFT_EMIT_LOC_STRINGS = NO;
				SWIFT_VERSION = 5.0;
				TARGETED_DEVICE_FAMILY = "1,2";
				TEST_HOST = "$(BUILT_PRODUCTS_DIR)/UITestSample.app/$(BUNDLE_EXECUTABLE_FOLDER_PATH)/UITestSample";
			};
			name = Release;
		};
		ECC2C064298CAE5900C783D0 /* Debug */ = {
			isa = XCBuildConfiguration;
			buildSettings = {
				BUNDLE_LOADER = "$(TEST_HOST)";
				CLANG_CXX_LANGUAGE_STANDARD = "gnu++20";
				CODE_SIGN_STYLE = Automatic;
				CURRENT_PROJECT_VERSION = 1;
				DEVELOPMENT_TEAM = 39RG5D7TZ3;
				GENERATE_INFOPLIST_FILE = YES;
				IPHONEOS_DEPLOYMENT_TARGET = 16.2;
				MARKETING_VERSION = 1.0;
				PRODUCT_BUNDLE_IDENTIFIER = com.gmail.mozkzki.UITestSampleTests2;
				PRODUCT_NAME = "$(TARGET_NAME)";
				SWIFT_EMIT_LOC_STRINGS = NO;
				SWIFT_VERSION = 5.0;
				TARGETED_DEVICE_FAMILY = "1,2";
				TEST_HOST = "$(BUILT_PRODUCTS_DIR)/UITestSample.app/$(BUNDLE_EXECUTABLE_FOLDER_PATH)/UITestSample";
			};
			name = Debug;
		};
		ECC2C065298CAE5900C783D0 /* Release */ = {
			isa = XCBuildConfiguration;
			buildSettings = {
				BUNDLE_LOADER = "$(TEST_HOST)";
				CLANG_CXX_LANGUAGE_STANDARD = "gnu++20";
				CODE_SIGN_STYLE = Automatic;
				CURRENT_PROJECT_VERSION = 1;
				DEVELOPMENT_TEAM = 39RG5D7TZ3;
				GENERATE_INFOPLIST_FILE = YES;
				IPHONEOS_DEPLOYMENT_TARGET = 16.2;
				MARKETING_VERSION = 1.0;
				PRODUCT_BUNDLE_IDENTIFIER = hoge.UITestSampleTests2;
				PRODUCT_NAME = "$(TARGET_NAME)";
				SWIFT_EMIT_LOC_STRINGS = NO;
				SWIFT_VERSION = 5.0;
				TARGETED_DEVICE_FAMILY = "1,2";
				TEST_HOST = "$(BUILT_PRODUCTS_DIR)/UITestSample.app/$(BUNDLE_EXECUTABLE_FOLDER_PATH)/UITestSample";
			};
			name = Release;
		};
/* End XCBuildConfiguration section */

/* Begin XCConfigurationList section */
		311D903321C4BD570049F4F9 /* Build configuration list for PBXProject "UITestSample" */ = {
			isa = XCConfigurationList;
			buildConfigurations = (
				311D905321C4BD590049F4F9 /* Debug */,
				311D905421C4BD590049F4F9 /* Release */,
			);
			defaultConfigurationIsVisible = 0;
			defaultConfigurationName = Release;
		};
		311D905521C4BD590049F4F9 /* Build configuration list for PBXNativeTarget "UITestSample" */ = {
			isa = XCConfigurationList;
			buildConfigurations = (
				311D905621C4BD590049F4F9 /* Debug */,
				311D905721C4BD590049F4F9 /* Release */,
			);
			defaultConfigurationIsVisible = 0;
			defaultConfigurationName = Release;
		};
		311D905821C4BD590049F4F9 /* Build configuration list for PBXNativeTarget "UITestSampleUITests" */ = {
			isa = XCConfigurationList;
			buildConfigurations = (
				311D905921C4BD590049F4F9 /* Debug */,
				311D905A21C4BD590049F4F9 /* Release */,
			);
			defaultConfigurationIsVisible = 0;
			defaultConfigurationName = Release;
		};
		ECB9A91A298757AD00B2E4FE /* Build configuration list for PBXNativeTarget "UITestSampleTests" */ = {
			isa = XCConfigurationList;
			buildConfigurations = (
				ECB9A91B298757AD00B2E4FE /* Debug */,
				ECB9A91C298757AD00B2E4FE /* Release */,
			);
			defaultConfigurationIsVisible = 0;
			defaultConfigurationName = Release;
		};
		ECC2C063298CAE5900C783D0 /* Build configuration list for PBXNativeTarget "UITestSampleTests2" */ = {
			isa = XCConfigurationList;
			buildConfigurations = (
				ECC2C064298CAE5900C783D0 /* Debug */,
				ECC2C065298CAE5900C783D0 /* Release */,
			);
			defaultConfigurationIsVisible = 0;
			defaultConfigurationName = Release;
		};
/* End XCConfigurationList section */

/* Begin XCRemoteSwiftPackageReference section */
		EC6D3E682990F9AC00A19AC0 /* XCRemoteSwiftPackageReference "ios-snapshot-test-case" */ = {
			isa = XCRemoteSwiftPackageReference;
			repositoryURL = "https://github.com/uber/ios-snapshot-test-case.git";
			requirement = {
				kind = upToNextMajorVersion;
				minimumVersion = 8.0.0;
			};
		};
		ECC2C068298CAFB100C783D0 /* XCRemoteSwiftPackageReference "swift-snapshot-testing" */ = {
			isa = XCRemoteSwiftPackageReference;
			repositoryURL = "https://github.com/pointfreeco/swift-snapshot-testing";
			requirement = {
				kind = upToNextMajorVersion;
				minimumVersion = 1.0.0;
			};
		};
/* End XCRemoteSwiftPackageReference section */

/* Begin XCSwiftPackageProductDependency section */
		EC6D3E692990F9AC00A19AC0 /* iOSSnapshotTestCase */ = {
			isa = XCSwiftPackageProductDependency;
			package = EC6D3E682990F9AC00A19AC0 /* XCRemoteSwiftPackageReference "ios-snapshot-test-case" */;
			productName = iOSSnapshotTestCase;
		};
		ECC2C069298CAFB100C783D0 /* SnapshotTesting */ = {
			isa = XCSwiftPackageProductDependency;
			package = ECC2C068298CAFB100C783D0 /* XCRemoteSwiftPackageReference "swift-snapshot-testing" */;
			productName = SnapshotTesting;
		};
/* End XCSwiftPackageProductDependency section */
	};
	rootObject = 311D903021C4BD570049F4F9 /* Project object */;
}
